{
  "name": "dino-evolution",
  "version": "1.0.0",
  "description": "🦕 Dino Evolution - Full-Stack Dinosaur Evolution Game",
  "scripts": {
    "install": "npm install --prefix server && npm install --prefix client",
    "dev": "concurrently \"npm run dev:server\" \"npm run dev:client\"",
    "dev:server": "cd server && npm run dev", 
    "dev:client": "cd client && npm run dev",
    "start": "cd server && npm start",
    "build": "echo 'No build step needed for static client'",
    "test": "cd server && npm test",
    "db:seed": "cd server && npm run seed",
    "db:reset": "cd server && npm run db:reset",
    "setup": "npm run install && npm run db:seed"
  },
  "devDependencies": {
    "concurrently": "^8.2.2"
  },
  "workspaces": [
    "server",
    "client"
  ],
  "keywords": ["dinosaur", "evolution", "game", "canvas", "fullstack"],
  "author": "Veit Wallasch",
  "license": "MIT",
  "repository": {
    "type": "git",
    "url": "git+https://github.com/dtvp/dino-evolution.git"
  }
}